
Microsoft Visual Studio Solution File, Format Version 12.00
# Visual Studio Version 17
VisualStudioVersion = 17.8.34330.188
MinimumVisualStudioVersion = 10.0.40219.1
Project("{8BC9CEB8-8B4A-11D0-8D11-00A0C91BC942}") = "Program", "Program.vcxproj", "{6E7F9F27-79AE-4F2B-9190-B344D1C1BB4C}"
EndProject
Project("{8BC9CEB8-8B4A-11D0-8D11-00A0C91BC942}") = "Class1th (Variable)", "..\Class1th (variable)\Class1th (variable).vcxproj", "{CC12E3C2-52D9-4284-B1B4-A541A8C22ACC}"
EndProject
Project("{8BC9CEB8-8B4A-11D0-8D11-00A0C91BC942}") = "Class2th (constant)", "..\Class2th (constant)\Class2th (constant).vcxproj", "{E43735E5-2560-45C5-B43F-C29631584ED4}"
EndProject
Project("{8BC9CEB8-8B4A-11D0-8D11-00A0C91BC942}") = "Class3th (Bit)", "..\Class3th (Bit)\Class3th (Bit).vcxproj", "{F7A9D3DF-95CB-46D8-AA04-47E01A03EBA3}"
EndProject
Project("{8BC9CEB8-8B4A-11D0-8D11-00A0C91BC942}") = "Class 4th (Overflow & Underflow)", "..\Class 4th (Overflow & Underflow)\Class 4th (Overflow & Underflow).vcxproj", "{FFA73F9F-E3B1-4D84-9132-9E46BFC55F66}"
EndProject
Project("{8BC9CEB8-8B4A-11D0-8D11-00A0C91BC942}") = "Class 5th (Conditional Staterment)", "..\Class 5th (Conditional Staterment)\Class 5th (Conditional Staterment).vcxproj", "{4F62AAE3-A7CD-49FF-8064-523F7FD1A4BD}"
EndProject
Project("{8BC9CEB8-8B4A-11D0-8D11-00A0C91BC942}") = "Class6th (Iterration Statement)", "..\Class6th (Iterration Statement)\Class6th (Iterration Statement).vcxproj", "{7BF17E3C-41AB-4E57-A2F4-9A333B6EFBA6}"
EndProject
Global
	GlobalSection(SolutionConfigurationPlatforms) = preSolution
		Debug|x64 = Debug|x64
		Debug|x86 = Debug|x86
		Release|x64 = Release|x64
		Release|x86 = Release|x86
	EndGlobalSection
	GlobalSection(ProjectConfigurationPlatforms) = postSolution
		{6E7F9F27-79AE-4F2B-9190-B344D1C1BB4C}.Debug|x64.ActiveCfg = Debug|x64
		{6E7F9F27-79AE-4F2B-9190-B344D1C1BB4C}.Debug|x64.Build.0 = Debug|x64
		{6E7F9F27-79AE-4F2B-9190-B344D1C1BB4C}.Debug|x86.ActiveCfg = Debug|Win32
		{6E7F9F27-79AE-4F2B-9190-B344D1C1BB4C}.Debug|x86.Build.0 = Debug|Win32
		{6E7F9F27-79AE-4F2B-9190-B344D1C1BB4C}.Release|x64.ActiveCfg = Release|x64
		{6E7F9F27-79AE-4F2B-9190-B344D1C1BB4C}.Release|x64.Build.0 = Release|x64
		{6E7F9F27-79AE-4F2B-9190-B344D1C1BB4C}.Release|x86.ActiveCfg = Release|Win32
		{6E7F9F27-79AE-4F2B-9190-B344D1C1BB4C}.Release|x86.Build.0 = Release|Win32
		{CC12E3C2-52D9-4284-B1B4-A541A8C22ACC}.Debug|x64.ActiveCfg = Debug|x64
		{CC12E3C2-52D9-4284-B1B4-A541A8C22ACC}.Debug|x64.Build.0 = Debug|x64
		{CC12E3C2-52D9-4284-B1B4-A541A8C22ACC}.Debug|x86.ActiveCfg = Debug|Win32
		{CC12E3C2-52D9-4284-B1B4-A541A8C22ACC}.Debug|x86.Build.0 = Debug|Win32
		{CC12E3C2-52D9-4284-B1B4-A541A8C22ACC}.Release|x64.ActiveCfg = Release|x64
		{CC12E3C2-52D9-4284-B1B4-A541A8C22ACC}.Release|x64.Build.0 = Release|x64
		{CC12E3C2-52D9-4284-B1B4-A541A8C22ACC}.Release|x86.ActiveCfg = Release|Win32
		{CC12E3C2-52D9-4284-B1B4-A541A8C22ACC}.Release|x86.Build.0 = Release|Win32
		{E43735E5-2560-45C5-B43F-C29631584ED4}.Debug|x64.ActiveCfg = Debug|x64
		{E43735E5-2560-45C5-B43F-C29631584ED4}.Debug|x64.Build.0 = Debug|x64
		{E43735E5-2560-45C5-B43F-C29631584ED4}.Debug|x86.ActiveCfg = Debug|Win32
		{E43735E5-2560-45C5-B43F-C29631584ED4}.Debug|x86.Build.0 = Debug|Win32
		{E43735E5-2560-45C5-B43F-C29631584ED4}.Release|x64.ActiveCfg = Release|x64
		{E43735E5-2560-45C5-B43F-C29631584ED4}.Release|x64.Build.0 = Release|x64
		{E43735E5-2560-45C5-B43F-C29631584ED4}.Release|x86.ActiveCfg = Release|Win32
		{E43735E5-2560-45C5-B43F-C29631584ED4}.Release|x86.Build.0 = Release|Win32
		{F7A9D3DF-95CB-46D8-AA04-47E01A03EBA3}.Debug|x64.ActiveCfg = Debug|x64
		{F7A9D3DF-95CB-46D8-AA04-47E01A03EBA3}.Debug|x64.Build.0 = Debug|x64
		{F7A9D3DF-95CB-46D8-AA04-47E01A03EBA3}.Debug|x86.ActiveCfg = Debug|Win32
		{F7A9D3DF-95CB-46D8-AA04-47E01A03EBA3}.Debug|x86.Build.0 = Debug|Win32
		{F7A9D3DF-95CB-46D8-AA04-47E01A03EBA3}.Release|x64.ActiveCfg = Release|x64
		{F7A9D3DF-95CB-46D8-AA04-47E01A03EBA3}.Release|x64.Build.0 = Release|x64
		{F7A9D3DF-95CB-46D8-AA04-47E01A03EBA3}.Release|x86.ActiveCfg = Release|Win32
		{F7A9D3DF-95CB-46D8-AA04-47E01A03EBA3}.Release|x86.Build.0 = Release|Win32
		{FFA73F9F-E3B1-4D84-9132-9E46BFC55F66}.Debug|x64.ActiveCfg = Debug|x64
		{FFA73F9F-E3B1-4D84-9132-9E46BFC55F66}.Debug|x64.Build.0 = Debug|x64
		{FFA73F9F-E3B1-4D84-9132-9E46BFC55F66}.Debug|x86.ActiveCfg = Debug|Win32
		{FFA73F9F-E3B1-4D84-9132-9E46BFC55F66}.Debug|x86.Build.0 = Debug|Win32
		{FFA73F9F-E3B1-4D84-9132-9E46BFC55F66}.Release|x64.ActiveCfg = Release|x64
		{FFA73F9F-E3B1-4D84-9132-9E46BFC55F66}.Release|x64.Build.0 = Release|x64
		{FFA73F9F-E3B1-4D84-9132-9E46BFC55F66}.Release|x86.ActiveCfg = Release|Win32
		{FFA73F9F-E3B1-4D84-9132-9E46BFC55F66}.Release|x86.Build.0 = Release|Win32
		{4F62AAE3-A7CD-49FF-8064-523F7FD1A4BD}.Debug|x64.ActiveCfg = Debug|x64
		{4F62AAE3-A7CD-49FF-8064-523F7FD1A4BD}.Debug|x64.Build.0 = Debug|x64
		{4F62AAE3-A7CD-49FF-8064-523F7FD1A4BD}.Debug|x86.ActiveCfg = Debug|Win32
		{4F62AAE3-A7CD-49FF-8064-523F7FD1A4BD}.Debug|x86.Build.0 = Debug|Win32
		{4F62AAE3-A7CD-49FF-8064-523F7FD1A4BD}.Release|x64.ActiveCfg = Release|x64
		{4F62AAE3-A7CD-49FF-8064-523F7FD1A4BD}.Release|x64.Build.0 = Release|x64
		{4F62AAE3-A7CD-49FF-8064-523F7FD1A4BD}.Release|x86.ActiveCfg = Release|Win32
		{4F62AAE3-A7CD-49FF-8064-523F7FD1A4BD}.Release|x86.Build.0 = Release|Win32
		{7BF17E3C-41AB-4E57-A2F4-9A333B6EFBA6}.Debug|x64.ActiveCfg = Debug|x64
		{7BF17E3C-41AB-4E57-A2F4-9A333B6EFBA6}.Debug|x64.Build.0 = Debug|x64
		{7BF17E3C-41AB-4E57-A2F4-9A333B6EFBA6}.Debug|x86.ActiveCfg = Debug|Win32
		{7BF17E3C-41AB-4E57-A2F4-9A333B6EFBA6}.Debug|x86.Build.0 = Debug|Win32
		{7BF17E3C-41AB-4E57-A2F4-9A333B6EFBA6}.Release|x64.ActiveCfg = Release|x64
		{7BF17E3C-41AB-4E57-A2F4-9A333B6EFBA6}.Release|x64.Build.0 = Release|x64
		{7BF17E3C-41AB-4E57-A2F4-9A333B6EFBA6}.Release|x86.ActiveCfg = Release|Win32
		{7BF17E3C-41AB-4E57-A2F4-9A333B6EFBA6}.Release|x86.Build.0 = Release|Win32
	EndGlobalSection
	GlobalSection(SolutionProperties) = preSolution
		HideSolutionNode = FALSE
	EndGlobalSection
	GlobalSection(ExtensibilityGlobals) = postSolution
		SolutionGuid = {9A6523E8-6937-422B-9226-1B7BA37B4C99}
	EndGlobalSection
EndGlobal
